
Microsoft Visual Studio Solution File, Format Version 12.00
# Visual Studio 15
VisualStudioVersion = 15.0.27130.2024
MinimumVisualStudioVersion = 10.0.40219.1
Project("{FAE04EC0-301F-11D3-BF4B-00C04F79EFBC}") = "pokemon-center", "pokemon-center\pokemon-center.csproj", "{4F85CA03-921C-4B6F-B345-688AC7A4DDCF}"
EndProject
Global
	GlobalSection(SolutionConfigurationPlatforms) = preSolution
		Debug|Any CPU = Debug|Any CPU
		Release|Any CPU = Release|Any CPU
	EndGlobalSection
	GlobalSection(ProjectConfigurationPlatforms) = postSolution
		{4F85CA03-921C-4B6F-B345-688AC7A4DDCF}.Debug|Any CPU.ActiveCfg = Debug|Any CPU
		{4F85CA03-921C-4B6F-B345-688AC7A4DDCF}.Debug|Any CPU.Build.0 = Debug|Any CPU
		{4F85CA03-921C-4B6F-B345-688AC7A4DDCF}.Release|Any CPU.ActiveCfg = Release|Any CPU
		{4F85CA03-921C-4B6F-B345-688AC7A4DDCF}.Release|Any CPU.Build.0 = Release|Any CPU
	EndGlobalSection
	GlobalSection(SolutionProperties) = preSolution
		HideSolutionNode = FALSE
	EndGlobalSection
	GlobalSection(ExtensibilityGlobals) = postSolution
		SolutionGuid = {49A76B54-7350-4A6E-BBF0-507391630A93}
	EndGlobalSection
EndGlobal
